{
  "version": 4,
  "terraform_version": "1.0.11",
  "serial": 46,
  "lineage": "b6206d6d-bb1d-d111-fb95-8527cc9bfbe8",
  "outputs": {},
  "resources": [
    {
      "module": "module.lines_counter",
      "mode": "managed",
      "type": "aws_dynamodb_table",
      "name": "table",
      "provider": "provider[\"registry.terraform.io/hashicorp/aws\"]",
      "instances": [
        {
          "schema_version": 1,
          "attributes": {
            "arn": "arn:aws:dynamodb:us-east-1:057454686230:table/LinesCounts",
            "attribute": [
              {
                "name": "ID",
                "type": "S"
              }
            ],
            "billing_mode": "PAY_PER_REQUEST",
            "global_secondary_index": [],
            "hash_key": "ID",
            "id": "LinesCounts",
            "local_secondary_index": [],
            "name": "LinesCounts",
            "point_in_time_recovery": [
              {
                "enabled": false
              }
            ],
            "range_key": null,
            "read_capacity": 0,
            "replica": [],
            "server_side_encryption": [],
            "stream_arn": "",
            "stream_enabled": false,
            "stream_label": "",
            "stream_view_type": "",
            "table_class": "",
            "tags": null,
            "tags_all": {},
            "timeouts": null,
            "ttl": [
              {
                "attribute_name": "",
                "enabled": false,
                "kms_key_arn": ""
              }
            ],
            "write_capacity": 0
          },
          "sensitive_attributes": [],
          "private": "eyJlMmJmYjczMC1lY2FhLTExZTYtOGY4OC0zNDM2M2JjN2M0YzAiOnsiY3JlYXRlIjoxMjAwMDAwMDAwMDAwLCJkZWxldGUiOjYwMDAwMDAwMDAwMCwidXBkYXRlIjozNjAwMDAwMDAwMDAwfSwic2NoZW1hX3ZlcnNpb24iOiIxIn0="
        }
      ]
    },
    {
      "module": "module.lines_counter",
      "mode": "managed",
      "type": "aws_iam_role",
      "name": "iam_for_lambda",
      "provider": "provider[\"registry.terraform.io/hashicorp/aws\"]",
      "instances": [
        {
          "schema_version": 0,
          "attributes": {
            "arn": "arn:aws:iam::057454686230:role/iam_for_LinesCounter",
            "assume_role_policy": "{\"Version\":\"2012-10-17\",\"Statement\":[{\"Sid\":\"\",\"Effect\":\"Allow\",\"Principal\":{\"Service\":\"lambda.amazonaws.com\"},\"Action\":\"sts:AssumeRole\"}]}",
            "create_date": "2021-12-16T18:18:57Z",
            "description": "",
            "force_detach_policies": false,
            "id": "iam_for_LinesCounter",
            "inline_policy": [
              {
                "name": "",
                "policy": ""
              }
            ],
            "managed_policy_arns": [],
            "max_session_duration": 3600,
            "name": "iam_for_LinesCounter",
            "name_prefix": "",
            "path": "/",
            "permissions_boundary": null,
            "tags": null,
            "tags_all": {},
            "unique_id": "AROAQ2YEQ6ALMXGJCFXIA"
          },
          "sensitive_attributes": [],
          "private": "bnVsbA=="
        }
      ]
    },
    {
      "module": "module.lines_counter",
      "mode": "managed",
      "type": "aws_iam_role_policy",
      "name": "allow_s3_read",
      "provider": "provider[\"registry.terraform.io/hashicorp/aws\"]",
      "instances": [
        {
          "schema_version": 0,
          "attributes": {
            "id": "iam_for_LinesCounter:terraform-20211216181908522100000002",
            "name": "terraform-20211216181908522100000002",
            "name_prefix": null,
            "policy": "{\n  \"Version\": \"2012-10-17\",\n  \"Statement\": [\n    {\n      \"Sid\": \"BucketAccess\",\n      \"Effect\": \"Allow\",\n      \"Action\": \"s3:ListBucket\",\n      \"Resource\": [\n        \"arn:aws:s3:::nuni-files-bucket\"\n      ]\n    },\n    {\n      \"Sid\": \"BucketContentsAccess\",\n      \"Effect\": \"Allow\",\n      \"Action\": [\n        \"s3:GetObject\"\n      ],\n      \"Resource\": [\n        \"arn:aws:s3:::nuni-files-bucket/*\"\n      ]\n    },\n    {\n      \"Sid\": \"DynamoDBPutItem\",\n      \"Effect\": \"Allow\",\n      \"Action\": [\n        \"dynamodb:BatchGetItem\",\n        \"dynamodb:ConditionCheckItem\",\n        \"dynamodb:GetRecords\",\n        \"dynamodb:GetItem\",\n        \"dynamodb:Scan\",\n        \"dynamodb:Query\",\n        \"dynamodb:BatchWriteItem\",\n        \"dynamodb:DeleteItem\",\n        \"dynamodb:PutItem\",\n        \"dynamodb:UpdateItem\",\n        \"dynamodb:UpdateTimeToLive\"\n      ],\n      \"Resource\": [\n        \"arn:aws:dynamodb:us-east-1:057454686230:table/LinesCounts\"\n      ]\n    },\n    {\n        \"Sid\": \"ListAndDescribe\",\n        \"Effect\": \"Allow\",\n        \"Action\": [\n            \"dynamodb:List*\",\n            \"dynamodb:DescribeReservedCapacity*\",\n            \"dynamodb:DescribeLimits\",\n            \"dynamodb:DescribeTimeToLive\"\n        ],\n        \"Resource\": \"*\"\n    }\n  ]\n}\n",
            "role": "iam_for_LinesCounter"
          },
          "sensitive_attributes": [],
          "private": "bnVsbA==",
          "dependencies": [
            "module.lines_counter.aws_dynamodb_table.table",
            "module.lines_counter.aws_iam_role.iam_for_lambda",
            "module.lines_counter.aws_s3_bucket.bucket"
          ]
        }
      ]
    },
    {
      "module": "module.lines_counter",
      "mode": "managed",
      "type": "aws_iam_role_policy_attachment",
      "name": "basic_lambda",
      "provider": "provider[\"registry.terraform.io/hashicorp/aws\"]",
      "instances": [
        {
          "schema_version": 0,
          "attributes": {
            "id": "iam_for_LinesCounter-20211216181900276400000001",
            "policy_arn": "arn:aws:iam::aws:policy/service-role/AWSLambdaBasicExecutionRole",
            "role": "iam_for_LinesCounter"
          },
          "sensitive_attributes": [],
          "private": "bnVsbA==",
          "dependencies": [
            "module.lines_counter.aws_iam_role.iam_for_lambda"
          ]
        }
      ]
    },
    {
      "module": "module.lines_counter",
      "mode": "managed",
      "type": "aws_lambda_function",
      "name": "function",
      "provider": "provider[\"registry.terraform.io/hashicorp/aws\"]",
      "instances": [
        {
          "schema_version": 0,
          "attributes": {
            "architectures": [
              "x86_64"
            ],
            "arn": "arn:aws:lambda:us-east-1:057454686230:function:LinesCounter",
            "code_signing_config_arn": "",
            "dead_letter_config": [],
            "description": "",
            "environment": [],
            "file_system_config": [],
            "filename": "lines_counter.zip",
            "function_name": "LinesCounter",
            "handler": "lines_counter.lambda_handler",
            "id": "LinesCounter",
            "image_config": [],
            "image_uri": "",
            "invoke_arn": "arn:aws:apigateway:us-east-1:lambda:path/2015-03-31/functions/arn:aws:lambda:us-east-1:057454686230:function:LinesCounter/invocations",
            "kms_key_arn": "",
            "last_modified": "2021-12-16T18:19:06.271+0000",
            "layers": null,
            "memory_size": 128,
            "package_type": "Zip",
            "publish": false,
            "qualified_arn": "arn:aws:lambda:us-east-1:057454686230:function:LinesCounter:$LATEST",
            "reserved_concurrent_executions": -1,
            "role": "arn:aws:iam::057454686230:role/iam_for_LinesCounter",
            "runtime": "python3.6",
            "s3_bucket": null,
            "s3_key": null,
            "s3_object_version": null,
            "signing_job_arn": "",
            "signing_profile_version_arn": "",
            "source_code_hash": "EFb5jbY9gucFRFl8AafvbeyuUdjTdj4DMl6YQrFVTy4=",
            "source_code_size": 625,
            "tags": null,
            "tags_all": {},
            "timeout": 3,
            "timeouts": null,
            "tracing_config": [
              {
                "mode": "PassThrough"
              }
            ],
            "version": "$LATEST",
            "vpc_config": []
          },
          "sensitive_attributes": [],
          "private": "eyJlMmJmYjczMC1lY2FhLTExZTYtOGY4OC0zNDM2M2JjN2M0YzAiOnsiY3JlYXRlIjo2MDAwMDAwMDAwMDB9fQ==",
          "dependencies": [
            "module.lines_counter.aws_iam_role.iam_for_lambda"
          ]
        }
      ]
    },
    {
      "module": "module.lines_counter",
      "mode": "managed",
      "type": "aws_lambda_permission",
      "name": "allow_bucket_lambda",
      "provider": "provider[\"registry.terraform.io/hashicorp/aws\"]",
      "instances": [
        {
          "schema_version": 0,
          "attributes": {
            "action": "lambda:InvokeFunction",
            "event_source_token": null,
            "function_name": "arn:aws:lambda:us-east-1:057454686230:function:LinesCounter",
            "id": "AllowExecutionFromS3Bucket",
            "principal": "s3.amazonaws.com",
            "qualifier": "",
            "source_account": null,
            "source_arn": "arn:aws:s3:::nuni-files-bucket",
            "statement_id": "AllowExecutionFromS3Bucket",
            "statement_id_prefix": null
          },
          "sensitive_attributes": [],
          "private": "bnVsbA==",
          "dependencies": [
            "module.lines_counter.aws_iam_role.iam_for_lambda",
            "module.lines_counter.aws_lambda_function.function",
            "module.lines_counter.aws_s3_bucket.bucket"
          ]
        }
      ]
    },
    {
      "module": "module.lines_counter",
      "mode": "managed",
      "type": "aws_s3_bucket",
      "name": "bucket",
      "provider": "provider[\"registry.terraform.io/hashicorp/aws\"]",
      "instances": [
        {
          "schema_version": 0,
          "attributes": {
            "acceleration_status": "",
            "acl": "private",
            "arn": "arn:aws:s3:::nuni-files-bucket",
            "bucket": "nuni-files-bucket",
            "bucket_domain_name": "nuni-files-bucket.s3.amazonaws.com",
            "bucket_prefix": null,
            "bucket_regional_domain_name": "nuni-files-bucket.s3.amazonaws.com",
            "cors_rule": [],
            "force_destroy": false,
            "grant": [],
            "hosted_zone_id": "Z3AQBSTGFYJSTF",
            "id": "nuni-files-bucket",
            "lifecycle_rule": [],
            "logging": [],
            "object_lock_configuration": [],
            "policy": null,
            "region": "us-east-1",
            "replication_configuration": [],
            "request_payer": "BucketOwner",
            "server_side_encryption_configuration": [],
            "tags": null,
            "tags_all": {},
            "versioning": [
              {
                "enabled": true,
                "mfa_delete": false
              }
            ],
            "website": [],
            "website_domain": null,
            "website_endpoint": null
          },
          "sensitive_attributes": [],
          "private": "bnVsbA=="
        }
      ]
    },
    {
      "module": "module.lines_counter",
      "mode": "managed",
      "type": "aws_s3_bucket_notification",
      "name": "allow_s3_bucket_notification",
      "provider": "provider[\"registry.terraform.io/hashicorp/aws\"]",
      "instances": [
        {
          "schema_version": 0,
          "attributes": {
            "bucket": "nuni-files-bucket",
            "id": "nuni-files-bucket",
            "lambda_function": [
              {
                "events": [
                  "s3:ObjectCreated:*"
                ],
                "filter_prefix": "",
                "filter_suffix": "",
                "id": "tf-s3-lambda-20211216181914146700000003",
                "lambda_function_arn": "arn:aws:lambda:us-east-1:057454686230:function:LinesCounter"
              }
            ],
            "queue": [],
            "topic": []
          },
          "sensitive_attributes": [],
          "private": "bnVsbA==",
          "dependencies": [
            "module.lines_counter.aws_iam_role.iam_for_lambda",
            "module.lines_counter.aws_lambda_function.function",
            "module.lines_counter.aws_s3_bucket.bucket"
          ]
        }
      ]
    }
  ]
}
