{
  "version": 4,
  "terraform_version": "1.0.11",
  "serial": 47,
  "lineage": "4a2578bb-a1b1-3858-5f03-435150fe3c25",
  "outputs": {},
  "resources": [
    {
      "module": "module.lam_api",
      "mode": "managed",
      "type": "aws_api_gateway_deployment",
      "name": "example",
      "provider": "provider[\"registry.terraform.io/hashicorp/aws\"]",
      "instances": []
    },
    {
      "module": "module.lam_api",
      "mode": "managed",
      "type": "aws_api_gateway_integration",
      "name": "lambda",
      "provider": "provider[\"registry.terraform.io/hashicorp/aws\"]",
      "instances": []
    },
    {
      "module": "module.lam_api",
      "mode": "managed",
      "type": "aws_api_gateway_integration",
      "name": "lambda_root",
      "provider": "provider[\"registry.terraform.io/hashicorp/aws\"]",
      "instances": []
    },
    {
      "module": "module.lam_api",
      "mode": "managed",
      "type": "aws_api_gateway_method",
      "name": "proxy",
      "provider": "provider[\"registry.terraform.io/hashicorp/aws\"]",
      "instances": [
        {
          "schema_version": 0,
          "attributes": {
            "api_key_required": false,
            "authorization": "NONE",
            "authorization_scopes": null,
            "authorizer_id": null,
            "http_method": "ANY",
            "id": "agm-p8grrv1js4-h1zgjq-ANY",
            "operation_name": null,
            "request_models": null,
            "request_parameters": null,
            "request_validator_id": null,
            "resource_id": "h1zgjq",
            "rest_api_id": "p8grrv1js4"
          },
          "sensitive_attributes": [],
          "private": "bnVsbA==",
          "dependencies": [
            "module.lam_api.aws_api_gateway_resource.proxy",
            "module.lam_api.aws_api_gateway_rest_api.example"
          ]
        }
      ]
    },
    {
      "module": "module.lam_api",
      "mode": "managed",
      "type": "aws_api_gateway_method_response",
      "name": "response_200",
      "provider": "provider[\"registry.terraform.io/hashicorp/aws\"]",
      "instances": [
        {
          "schema_version": 0,
          "attributes": {
            "http_method": "ANY",
            "id": "agmr-p8grrv1js4-h1zgjq-ANY-200",
            "resource_id": "h1zgjq",
            "response_models": null,
            "response_parameters": null,
            "rest_api_id": "p8grrv1js4",
            "status_code": "200"
          },
          "sensitive_attributes": [],
          "private": "bnVsbA==",
          "dependencies": [
            "module.lam_api.aws_api_gateway_method.proxy",
            "module.lam_api.aws_api_gateway_resource.proxy",
            "module.lam_api.aws_api_gateway_rest_api.example"
          ]
        }
      ]
    },
    {
      "module": "module.lam_api",
      "mode": "managed",
      "type": "aws_api_gateway_resource",
      "name": "proxy",
      "provider": "provider[\"registry.terraform.io/hashicorp/aws\"]",
      "instances": [
        {
          "schema_version": 0,
          "attributes": {
            "id": "h1zgjq",
            "parent_id": "pgieso4rm8",
            "path": "/myFunction",
            "path_part": "myFunction",
            "rest_api_id": "p8grrv1js4"
          },
          "sensitive_attributes": [],
          "private": "bnVsbA==",
          "dependencies": [
            "module.lam_api.aws_api_gateway_rest_api.example"
          ]
        }
      ]
    },
    {
      "module": "module.lam_api",
      "mode": "managed",
      "type": "aws_api_gateway_rest_api",
      "name": "example",
      "provider": "provider[\"registry.terraform.io/hashicorp/aws\"]",
      "instances": [
        {
          "schema_version": 0,
          "attributes": {
            "api_key_source": "HEADER",
            "arn": "arn:aws:apigateway:us-east-1::/restapis/p8grrv1js4",
            "binary_media_types": [],
            "body": null,
            "created_date": "2021-12-16T17:51:52Z",
            "description": "API GW for myFunction",
            "disable_execute_api_endpoint": false,
            "endpoint_configuration": [
              {
                "types": [
                  "EDGE"
                ],
                "vpc_endpoint_ids": []
              }
            ],
            "execution_arn": "arn:aws:execute-api:us-east-1:057454686230:p8grrv1js4",
            "id": "p8grrv1js4",
            "minimum_compression_size": -1,
            "name": "myFunctionGW",
            "parameters": null,
            "policy": "",
            "root_resource_id": "pgieso4rm8",
            "tags": null,
            "tags_all": {}
          },
          "sensitive_attributes": [],
          "private": "bnVsbA=="
        }
      ]
    },
    {
      "module": "module.lam_api",
      "mode": "managed",
      "type": "aws_iam_role",
      "name": "iam_for_lambda",
      "provider": "provider[\"registry.terraform.io/hashicorp/aws\"]",
      "instances": [
        {
          "schema_version": 0,
          "attributes": {
            "arn": "arn:aws:iam::057454686230:role/iam_for_myFunction",
            "assume_role_policy": "{\"Version\":\"2012-10-17\",\"Statement\":[{\"Sid\":\"\",\"Effect\":\"Allow\",\"Principal\":{\"Service\":\"lambda.amazonaws.com\"},\"Action\":\"sts:AssumeRole\"}]}",
            "create_date": "2021-12-16T17:51:52Z",
            "description": "",
            "force_detach_policies": false,
            "id": "iam_for_myFunction",
            "inline_policy": [
              {
                "name": "",
                "policy": ""
              }
            ],
            "managed_policy_arns": [],
            "max_session_duration": 3600,
            "name": "iam_for_myFunction",
            "name_prefix": "",
            "path": "/",
            "permissions_boundary": null,
            "tags": null,
            "tags_all": {},
            "unique_id": "AROAQ2YEQ6ALNJC7PR4NI"
          },
          "sensitive_attributes": [],
          "private": "bnVsbA=="
        }
      ]
    },
    {
      "module": "module.lam_api",
      "mode": "managed",
      "type": "aws_iam_role_policy_attachment",
      "name": "basic_lambda",
      "provider": "provider[\"registry.terraform.io/hashicorp/aws\"]",
      "instances": [
        {
          "schema_version": 0,
          "attributes": {
            "id": "iam_for_myFunction-20211216175155772600000001",
            "policy_arn": "arn:aws:iam::aws:policy/service-role/AWSLambdaBasicExecutionRole",
            "role": "iam_for_myFunction"
          },
          "sensitive_attributes": [],
          "private": "bnVsbA==",
          "dependencies": [
            "module.lam_api.aws_iam_role.iam_for_lambda"
          ]
        }
      ]
    },
    {
      "module": "module.lam_api",
      "mode": "managed",
      "type": "aws_lambda_permission",
      "name": "apigw",
      "provider": "provider[\"registry.terraform.io/hashicorp/aws\"]",
      "instances": []
    }
  ]
}
